
Microsoft Visual Studio Solution File, Format Version 12.00
# Visual Studio Version 17
VisualStudioVersion = 17.0.31903.59
MinimumVisualStudioVersion = 10.0.40219.1
Project("{2150E333-8FDC-42A3-9474-1A3956D46DE8}") = "src", "src", "{85F6458C-D44E-4140-B68A-D9CF691063F5}"
EndProject
Project("{2150E333-8FDC-42A3-9474-1A3956D46DE8}") = "Api", "Api", "{2512D3D0-21EE-4002-A593-19834D64BDDE}"
EndProject
Project("{2150E333-8FDC-42A3-9474-1A3956D46DE8}") = "Client", "Client", "{332344C9-466B-4442-864C-B2653FA075D3}"
EndProject
Project("{2150E333-8FDC-42A3-9474-1A3956D46DE8}") = "Common", "Common", "{BE66CA3D-8BEF-4567-A382-1F2D8378D24B}"
EndProject
Project("{2150E333-8FDC-42A3-9474-1A3956D46DE8}") = "Projections", "Projections", "{DD6778DA-8A11-4DE3-8C6B-71C050D1ADE9}"
EndProject
Project("{2150E333-8FDC-42A3-9474-1A3956D46DE8}") = "Core", "Core", "{20EE2C19-A50A-479D-B45B-D3BDC75279C3}"
EndProject
Project("{2150E333-8FDC-42A3-9474-1A3956D46DE8}") = "Infrastructure", "Infrastructure", "{4F12D056-CEB2-4A10-ACA6-C0CF9D6A84B9}"
EndProject
Project("{2150E333-8FDC-42A3-9474-1A3956D46DE8}") = "WebApi", "WebApi", "{2D57DAFF-74C7-4DBA-A561-1654E5B8F393}"
EndProject
Project("{2150E333-8FDC-42A3-9474-1A3956D46DE8}") = "BlazorWeb", "BlazorWeb", "{56752518-5E0A-4DAD-8CB7-6E5721AA8E3A}"
EndProject
Project("{FAE04EC0-301F-11D3-BF4B-00C04F79EFBC}") = "Forum.Common", "src\Common\Forum.Common\Forum.Common.csproj", "{643951EA-A70B-4006-AD60-E7C30364F2C6}"
EndProject
Project("{FAE04EC0-301F-11D3-BF4B-00C04F79EFBC}") = "Forum.Api.Core.Domain", "src\Api\Core\Forum.Api.Core.Domain\Forum.Api.Core.Domain.csproj", "{79BE2C91-DC68-4AC0-9C92-6619992ED7BB}"
EndProject
Project("{FAE04EC0-301F-11D3-BF4B-00C04F79EFBC}") = "Forum.Api.Core.Application", "src\Api\Core\Forum.Api.Core.Application\Forum.Api.Core.Application.csproj", "{F0B17AB8-7789-434A-82E7-B83AF3153846}"
EndProject
Project("{FAE04EC0-301F-11D3-BF4B-00C04F79EFBC}") = "Forum.Api.Infrastructure.Persistence", "src\Api\Infrastructure\Forum.Api.Infrastructure.Persistence\Forum.Api.Infrastructure.Persistence.csproj", "{688A45B3-A3C3-40CF-BD47-EE8B65A7B345}"
EndProject
Project("{FAE04EC0-301F-11D3-BF4B-00C04F79EFBC}") = "Forum.Api.WebApi", "src\Api\WebApi\Forum.Api.WebApi\Forum.Api.WebApi.csproj", "{C5E5CB73-E2FE-48B3-B707-74D1F9E7B5FA}"
EndProject
Project("{FAE04EC0-301F-11D3-BF4B-00C04F79EFBC}") = "Forum.Projections.FavoriteService", "src\Projections\Forum.Projections.FavoriteService\Forum.Projections.FavoriteService.csproj", "{F6BC7B01-3D43-4A17-AA5C-D88D52A80A1B}"
EndProject
Project("{FAE04EC0-301F-11D3-BF4B-00C04F79EFBC}") = "Forum.Projections.UserService", "src\Projections\Forum.Projections.UserService\Forum.Projections.UserService.csproj", "{995FE7D0-B727-4AA9-9DB1-10275249AFE8}"
EndProject
Project("{FAE04EC0-301F-11D3-BF4B-00C04F79EFBC}") = "Forum.Projections.VoteService", "src\Projections\Forum.Projections.VoteService\Forum.Projections.VoteService.csproj", "{2CF7340C-8211-4D21-B5A4-7911419F6DF1}"
EndProject
Project("{FAE04EC0-301F-11D3-BF4B-00C04F79EFBC}") = "Forum.Client.BlazorWeb.WebApp", "src\Client\BlazorWeb\Forum.Client.BlazorWeb.WebApp\Forum.Client.BlazorWeb.WebApp.csproj", "{71985755-8CF6-4311-8028-143D9251C8D0}"
EndProject
Global
	GlobalSection(SolutionConfigurationPlatforms) = preSolution
		Debug|Any CPU = Debug|Any CPU
		Release|Any CPU = Release|Any CPU
	EndGlobalSection
	GlobalSection(ProjectConfigurationPlatforms) = postSolution
		{643951EA-A70B-4006-AD60-E7C30364F2C6}.Debug|Any CPU.ActiveCfg = Debug|Any CPU
		{643951EA-A70B-4006-AD60-E7C30364F2C6}.Debug|Any CPU.Build.0 = Debug|Any CPU
		{643951EA-A70B-4006-AD60-E7C30364F2C6}.Release|Any CPU.ActiveCfg = Release|Any CPU
		{643951EA-A70B-4006-AD60-E7C30364F2C6}.Release|Any CPU.Build.0 = Release|Any CPU
		{79BE2C91-DC68-4AC0-9C92-6619992ED7BB}.Debug|Any CPU.ActiveCfg = Debug|Any CPU
		{79BE2C91-DC68-4AC0-9C92-6619992ED7BB}.Debug|Any CPU.Build.0 = Debug|Any CPU
		{79BE2C91-DC68-4AC0-9C92-6619992ED7BB}.Release|Any CPU.ActiveCfg = Release|Any CPU
		{79BE2C91-DC68-4AC0-9C92-6619992ED7BB}.Release|Any CPU.Build.0 = Release|Any CPU
		{F0B17AB8-7789-434A-82E7-B83AF3153846}.Debug|Any CPU.ActiveCfg = Debug|Any CPU
		{F0B17AB8-7789-434A-82E7-B83AF3153846}.Debug|Any CPU.Build.0 = Debug|Any CPU
		{F0B17AB8-7789-434A-82E7-B83AF3153846}.Release|Any CPU.ActiveCfg = Release|Any CPU
		{F0B17AB8-7789-434A-82E7-B83AF3153846}.Release|Any CPU.Build.0 = Release|Any CPU
		{688A45B3-A3C3-40CF-BD47-EE8B65A7B345}.Debug|Any CPU.ActiveCfg = Debug|Any CPU
		{688A45B3-A3C3-40CF-BD47-EE8B65A7B345}.Debug|Any CPU.Build.0 = Debug|Any CPU
		{688A45B3-A3C3-40CF-BD47-EE8B65A7B345}.Release|Any CPU.ActiveCfg = Release|Any CPU
		{688A45B3-A3C3-40CF-BD47-EE8B65A7B345}.Release|Any CPU.Build.0 = Release|Any CPU
		{C5E5CB73-E2FE-48B3-B707-74D1F9E7B5FA}.Debug|Any CPU.ActiveCfg = Debug|Any CPU
		{C5E5CB73-E2FE-48B3-B707-74D1F9E7B5FA}.Debug|Any CPU.Build.0 = Debug|Any CPU
		{C5E5CB73-E2FE-48B3-B707-74D1F9E7B5FA}.Release|Any CPU.ActiveCfg = Release|Any CPU
		{C5E5CB73-E2FE-48B3-B707-74D1F9E7B5FA}.Release|Any CPU.Build.0 = Release|Any CPU
		{F6BC7B01-3D43-4A17-AA5C-D88D52A80A1B}.Debug|Any CPU.ActiveCfg = Debug|Any CPU
		{F6BC7B01-3D43-4A17-AA5C-D88D52A80A1B}.Debug|Any CPU.Build.0 = Debug|Any CPU
		{F6BC7B01-3D43-4A17-AA5C-D88D52A80A1B}.Release|Any CPU.ActiveCfg = Release|Any CPU
		{F6BC7B01-3D43-4A17-AA5C-D88D52A80A1B}.Release|Any CPU.Build.0 = Release|Any CPU
		{995FE7D0-B727-4AA9-9DB1-10275249AFE8}.Debug|Any CPU.ActiveCfg = Debug|Any CPU
		{995FE7D0-B727-4AA9-9DB1-10275249AFE8}.Debug|Any CPU.Build.0 = Debug|Any CPU
		{995FE7D0-B727-4AA9-9DB1-10275249AFE8}.Release|Any CPU.ActiveCfg = Release|Any CPU
		{995FE7D0-B727-4AA9-9DB1-10275249AFE8}.Release|Any CPU.Build.0 = Release|Any CPU
		{2CF7340C-8211-4D21-B5A4-7911419F6DF1}.Debug|Any CPU.ActiveCfg = Debug|Any CPU
		{2CF7340C-8211-4D21-B5A4-7911419F6DF1}.Debug|Any CPU.Build.0 = Debug|Any CPU
		{2CF7340C-8211-4D21-B5A4-7911419F6DF1}.Release|Any CPU.ActiveCfg = Release|Any CPU
		{2CF7340C-8211-4D21-B5A4-7911419F6DF1}.Release|Any CPU.Build.0 = Release|Any CPU
		{71985755-8CF6-4311-8028-143D9251C8D0}.Debug|Any CPU.ActiveCfg = Debug|Any CPU
		{71985755-8CF6-4311-8028-143D9251C8D0}.Debug|Any CPU.Build.0 = Debug|Any CPU
		{71985755-8CF6-4311-8028-143D9251C8D0}.Release|Any CPU.ActiveCfg = Release|Any CPU
		{71985755-8CF6-4311-8028-143D9251C8D0}.Release|Any CPU.Build.0 = Release|Any CPU
	EndGlobalSection
	GlobalSection(SolutionProperties) = preSolution
		HideSolutionNode = FALSE
	EndGlobalSection
	GlobalSection(NestedProjects) = preSolution
		{2512D3D0-21EE-4002-A593-19834D64BDDE} = {85F6458C-D44E-4140-B68A-D9CF691063F5}
		{332344C9-466B-4442-864C-B2653FA075D3} = {85F6458C-D44E-4140-B68A-D9CF691063F5}
		{BE66CA3D-8BEF-4567-A382-1F2D8378D24B} = {85F6458C-D44E-4140-B68A-D9CF691063F5}
		{DD6778DA-8A11-4DE3-8C6B-71C050D1ADE9} = {85F6458C-D44E-4140-B68A-D9CF691063F5}
		{20EE2C19-A50A-479D-B45B-D3BDC75279C3} = {2512D3D0-21EE-4002-A593-19834D64BDDE}
		{4F12D056-CEB2-4A10-ACA6-C0CF9D6A84B9} = {2512D3D0-21EE-4002-A593-19834D64BDDE}
		{2D57DAFF-74C7-4DBA-A561-1654E5B8F393} = {2512D3D0-21EE-4002-A593-19834D64BDDE}
		{56752518-5E0A-4DAD-8CB7-6E5721AA8E3A} = {332344C9-466B-4442-864C-B2653FA075D3}
		{643951EA-A70B-4006-AD60-E7C30364F2C6} = {BE66CA3D-8BEF-4567-A382-1F2D8378D24B}
		{79BE2C91-DC68-4AC0-9C92-6619992ED7BB} = {20EE2C19-A50A-479D-B45B-D3BDC75279C3}
		{F0B17AB8-7789-434A-82E7-B83AF3153846} = {20EE2C19-A50A-479D-B45B-D3BDC75279C3}
		{688A45B3-A3C3-40CF-BD47-EE8B65A7B345} = {4F12D056-CEB2-4A10-ACA6-C0CF9D6A84B9}
		{C5E5CB73-E2FE-48B3-B707-74D1F9E7B5FA} = {2D57DAFF-74C7-4DBA-A561-1654E5B8F393}
		{F6BC7B01-3D43-4A17-AA5C-D88D52A80A1B} = {DD6778DA-8A11-4DE3-8C6B-71C050D1ADE9}
		{995FE7D0-B727-4AA9-9DB1-10275249AFE8} = {DD6778DA-8A11-4DE3-8C6B-71C050D1ADE9}
		{2CF7340C-8211-4D21-B5A4-7911419F6DF1} = {DD6778DA-8A11-4DE3-8C6B-71C050D1ADE9}
		{71985755-8CF6-4311-8028-143D9251C8D0} = {56752518-5E0A-4DAD-8CB7-6E5721AA8E3A}
	EndGlobalSection
EndGlobal
